
Microsoft Visual Studio Solution File, Format Version 12.00
# Visual Studio Version 16
VisualStudioVersion = 16.0.33027.164
MinimumVisualStudioVersion = 10.0.40219.1
Project("{FAE04EC0-301F-11D3-BF4B-00C04F79EFBC}") = "DataTypes", "DataTypes\DataTypes.csproj", "{9B50B998-6D8D-4C1D-9941-732EC368582A}"
EndProject
Global
	GlobalSection(SolutionConfigurationPlatforms) = preSolution
		Debug|Any CPU = Debug|Any CPU
		Release|Any CPU = Release|Any CPU
	EndGlobalSection
	GlobalSection(ProjectConfigurationPlatforms) = postSolution
		{9B50B998-6D8D-4C1D-9941-732EC368582A}.Debug|Any CPU.ActiveCfg = Debug|Any CPU
		{9B50B998-6D8D-4C1D-9941-732EC368582A}.Debug|Any CPU.Build.0 = Debug|Any CPU
		{9B50B998-6D8D-4C1D-9941-732EC368582A}.Release|Any CPU.ActiveCfg = Release|Any CPU
		{9B50B998-6D8D-4C1D-9941-732EC368582A}.Release|Any CPU.Build.0 = Release|Any CPU
	EndGlobalSection
	GlobalSection(SolutionProperties) = preSolution
		HideSolutionNode = FALSE
	EndGlobalSection
	GlobalSection(ExtensibilityGlobals) = postSolution
		SolutionGuid = {84BDAD04-DC2D-4FDC-93D6-67CFAD6E0F8C}
	EndGlobalSection
EndGlobal
