
Microsoft Visual Studio Solution File, Format Version 12.00
# Visual Studio Version 16
VisualStudioVersion = 16.0.33027.164
MinimumVisualStudioVersion = 10.0.40219.1
Project("{FAE04EC0-301F-11D3-BF4B-00C04F79EFBC}") = "ConsoleApp", "ConsoleApp\ConsoleApp.csproj", "{5E7B112D-D3B0-4C56-B492-6CFE8E4ABACA}"
EndProject
Global
	GlobalSection(SolutionConfigurationPlatforms) = preSolution
		Debug|Any CPU = Debug|Any CPU
		Release|Any CPU = Release|Any CPU
	EndGlobalSection
	GlobalSection(ProjectConfigurationPlatforms) = postSolution
		{5E7B112D-D3B0-4C56-B492-6CFE8E4ABACA}.Debug|Any CPU.ActiveCfg = Debug|Any CPU
		{5E7B112D-D3B0-4C56-B492-6CFE8E4ABACA}.Debug|Any CPU.Build.0 = Debug|Any CPU
		{5E7B112D-D3B0-4C56-B492-6CFE8E4ABACA}.Release|Any CPU.ActiveCfg = Release|Any CPU
		{5E7B112D-D3B0-4C56-B492-6CFE8E4ABACA}.Release|Any CPU.Build.0 = Release|Any CPU
	EndGlobalSection
	GlobalSection(SolutionProperties) = preSolution
		HideSolutionNode = FALSE
	EndGlobalSection
	GlobalSection(ExtensibilityGlobals) = postSolution
		SolutionGuid = {7BA81090-03E5-4AE1-BDAD-88F34562A346}
	EndGlobalSection
EndGlobal
