
Microsoft Visual Studio Solution File, Format Version 12.00
# Visual Studio Version 16
VisualStudioVersion = 16.0.33027.164
MinimumVisualStudioVersion = 10.0.40219.1
Project("{FAE04EC0-301F-11D3-BF4B-00C04F79EFBC}") = "WebApplication1", "WebApplication1\WebApplication1.csproj", "{F771751C-602E-4EA2-8D47-2CBCAECF37CC}"
EndProject
Global
	GlobalSection(SolutionConfigurationPlatforms) = preSolution
		Debug|Any CPU = Debug|Any CPU
		Release|Any CPU = Release|Any CPU
	EndGlobalSection
	GlobalSection(ProjectConfigurationPlatforms) = postSolution
		{F771751C-602E-4EA2-8D47-2CBCAECF37CC}.Debug|Any CPU.ActiveCfg = Debug|Any CPU
		{F771751C-602E-4EA2-8D47-2CBCAECF37CC}.Debug|Any CPU.Build.0 = Debug|Any CPU
		{F771751C-602E-4EA2-8D47-2CBCAECF37CC}.Release|Any CPU.ActiveCfg = Release|Any CPU
		{F771751C-602E-4EA2-8D47-2CBCAECF37CC}.Release|Any CPU.Build.0 = Release|Any CPU
	EndGlobalSection
	GlobalSection(SolutionProperties) = preSolution
		HideSolutionNode = FALSE
	EndGlobalSection
	GlobalSection(ExtensibilityGlobals) = postSolution
		SolutionGuid = {B897C984-A9A4-4E26-9C64-A3849AED5BE8}
	EndGlobalSection
EndGlobal
