
Microsoft Visual Studio Solution File, Format Version 12.00
# Visual Studio Version 16
VisualStudioVersion = 16.0.33027.164
MinimumVisualStudioVersion = 10.0.40219.1
Project("{FAE04EC0-301F-11D3-BF4B-00C04F79EFBC}") = "dateTime", "DateTime\dateTime.csproj", "{9EDE5CEF-26DA-4064-ADA7-F290066F1D02}"
EndProject
Global
	GlobalSection(SolutionConfigurationPlatforms) = preSolution
		Debug|Any CPU = Debug|Any CPU
		Release|Any CPU = Release|Any CPU
	EndGlobalSection
	GlobalSection(ProjectConfigurationPlatforms) = postSolution
		{9EDE5CEF-26DA-4064-ADA7-F290066F1D02}.Debug|Any CPU.ActiveCfg = Debug|Any CPU
		{9EDE5CEF-26DA-4064-ADA7-F290066F1D02}.Debug|Any CPU.Build.0 = Debug|Any CPU
		{9EDE5CEF-26DA-4064-ADA7-F290066F1D02}.Release|Any CPU.ActiveCfg = Release|Any CPU
		{9EDE5CEF-26DA-4064-ADA7-F290066F1D02}.Release|Any CPU.Build.0 = Release|Any CPU
	EndGlobalSection
	GlobalSection(SolutionProperties) = preSolution
		HideSolutionNode = FALSE
	EndGlobalSection
	GlobalSection(ExtensibilityGlobals) = postSolution
		SolutionGuid = {46450773-93FB-4C8B-8D42-1FECB44B3D63}
	EndGlobalSection
EndGlobal
