
Microsoft Visual Studio Solution File, Format Version 12.00
# Visual Studio Version 16
VisualStudioVersion = 16.0.33027.164
MinimumVisualStudioVersion = 10.0.40219.1
Project("{FAE04EC0-301F-11D3-BF4B-00C04F79EFBC}") = "NewsletterAppMVC", "NewsletterAppMVC\NewsletterAppMVC.csproj", "{B97F6802-F580-4CBE-A797-2BF950331E4A}"
EndProject
Global
	GlobalSection(SolutionConfigurationPlatforms) = preSolution
		Debug|Any CPU = Debug|Any CPU
		Release|Any CPU = Release|Any CPU
	EndGlobalSection
	GlobalSection(ProjectConfigurationPlatforms) = postSolution
		{B97F6802-F580-4CBE-A797-2BF950331E4A}.Debug|Any CPU.ActiveCfg = Debug|Any CPU
		{B97F6802-F580-4CBE-A797-2BF950331E4A}.Debug|Any CPU.Build.0 = Debug|Any CPU
		{B97F6802-F580-4CBE-A797-2BF950331E4A}.Release|Any CPU.ActiveCfg = Release|Any CPU
		{B97F6802-F580-4CBE-A797-2BF950331E4A}.Release|Any CPU.Build.0 = Release|Any CPU
	EndGlobalSection
	GlobalSection(SolutionProperties) = preSolution
		HideSolutionNode = FALSE
	EndGlobalSection
	GlobalSection(ExtensibilityGlobals) = postSolution
		SolutionGuid = {03A9CA0D-F2A0-4D69-AAA0-4ED20119F2D9}
	EndGlobalSection
EndGlobal
